// !$*UTF8*$!
{
	archiveVersion = 1;
	classes = {
	};
	objectVersion = 50;
	objects = {

/* Begin PBXBuildFile section */
		C5BA10CA262E22B300D57BFB /* Dataloader.swift in Sources */ = {isa = PBXBuildFile; fileRef = C5BA10C9262E22B300D57BFB /* Dataloader.swift */; };
		C5BA10CE262E27E800D57BFB /* Cache.swift in Sources */ = {isa = PBXBuildFile; fileRef = C5BA10CD262E27E800D57BFB /* Cache.swift */; };
		C5C7658C262BDD2C00052B31 /* AppDelegate.swift in Sources */ = {isa = PBXBuildFile; fileRef = C5C7658B262BDD2C00052B31 /* AppDelegate.swift */; };
		C5C7658E262BDD2C00052B31 /* SceneDelegate.swift in Sources */ = {isa = PBXBuildFile; fileRef = C5C7658D262BDD2C00052B31 /* SceneDelegate.swift */; };
		C5C76595262BDD3100052B31 /* Assets.xcassets in Resources */ = {isa = PBXBuildFile; fileRef = C5C76594262BDD3100052B31 /* Assets.xcassets */; };
		C5C76598262BDD3100052B31 /* LaunchScreen.storyboard in Resources */ = {isa = PBXBuildFile; fileRef = C5C76596262BDD3100052B31 /* LaunchScreen.storyboard */; };
		C5C765A8262BEA2200052B31 /* Offers.swift in Sources */ = {isa = PBXBuildFile; fileRef = C5C765A7262BEA2200052B31 /* Offers.swift */; };
		C5C765AC262BEA4100052B31 /* Offers.json in Resources */ = {isa = PBXBuildFile; fileRef = C5C765AB262BEA4100052B31 /* Offers.json */; };
		C5C765AF262BEC2D00052B31 /* OfferController.swift in Sources */ = {isa = PBXBuildFile; fileRef = C5C765AE262BEC2D00052B31 /* OfferController.swift */; };
		C5C765B3262CF84E00052B31 /* CoreDataStack.swift in Sources */ = {isa = PBXBuildFile; fileRef = C5C765B2262CF84E00052B31 /* CoreDataStack.swift */; };
		C5C765B8262CF86A00052B31 /* Offer+Convenience.swift in Sources */ = {isa = PBXBuildFile; fileRef = C5C765B7262CF86A00052B31 /* Offer+Convenience.swift */; };
		C5C765BD262CF8C600052B31 /* ibottaiOS.xcdatamodeld in Sources */ = {isa = PBXBuildFile; fileRef = C5C765BB262CF8C600052B31 /* ibottaiOS.xcdatamodeld */; };
		C5C765CF262D367A00052B31 /* OfferCollectionViewCell.swift in Sources */ = {isa = PBXBuildFile; fileRef = C5C765CE262D367A00052B31 /* OfferCollectionViewCell.swift */; };
		C5C765D4262D36C200052B31 /* OffersCollectionViewController.swift in Sources */ = {isa = PBXBuildFile; fileRef = C5C765D3262D36C200052B31 /* OffersCollectionViewController.swift */; };
/* End PBXBuildFile section */

/* Begin PBXFileReference section */
		C5BA10C9262E22B300D57BFB /* Dataloader.swift */ = {isa = PBXFileReference; lastKnownFileType = sourcecode.swift; path = Dataloader.swift; sourceTree = "<group>"; };
		C5BA10CD262E27E800D57BFB /* Cache.swift */ = {isa = PBXFileReference; lastKnownFileType = sourcecode.swift; path = Cache.swift; sourceTree = "<group>"; };
		C5C76588262BDD2B00052B31 /* IbottaiOS.app */ = {isa = PBXFileReference; explicitFileType = wrapper.application; includeInIndex = 0; path = IbottaiOS.app; sourceTree = BUILT_PRODUCTS_DIR; };
		C5C7658B262BDD2C00052B31 /* AppDelegate.swift */ = {isa = PBXFileReference; lastKnownFileType = sourcecode.swift; path = AppDelegate.swift; sourceTree = "<group>"; };
		C5C7658D262BDD2C00052B31 /* SceneDelegate.swift */ = {isa = PBXFileReference; lastKnownFileType = sourcecode.swift; path = SceneDelegate.swift; sourceTree = "<group>"; };
		C5C76594262BDD3100052B31 /* Assets.xcassets */ = {isa = PBXFileReference; lastKnownFileType = folder.assetcatalog; path = Assets.xcassets; sourceTree = "<group>"; };
		C5C76597262BDD3100052B31 /* Base */ = {isa = PBXFileReference; lastKnownFileType = file.storyboard; name = Base; path = Base.lproj/LaunchScreen.storyboard; sourceTree = "<group>"; };
		C5C76599262BDD3100052B31 /* Info.plist */ = {isa = PBXFileReference; lastKnownFileType = text.plist.xml; path = Info.plist; sourceTree = "<group>"; };
		C5C765A7262BEA2200052B31 /* Offers.swift */ = {isa = PBXFileReference; lastKnownFileType = sourcecode.swift; path = Offers.swift; sourceTree = "<group>"; };
		C5C765AB262BEA4100052B31 /* Offers.json */ = {isa = PBXFileReference; fileEncoding = 4; lastKnownFileType = text.json; path = Offers.json; sourceTree = "<group>"; };
		C5C765AE262BEC2D00052B31 /* OfferController.swift */ = {isa = PBXFileReference; lastKnownFileType = sourcecode.swift; path = OfferController.swift; sourceTree = "<group>"; };
		C5C765B2262CF84E00052B31 /* CoreDataStack.swift */ = {isa = PBXFileReference; lastKnownFileType = sourcecode.swift; path = CoreDataStack.swift; sourceTree = "<group>"; };
		C5C765B7262CF86A00052B31 /* Offer+Convenience.swift */ = {isa = PBXFileReference; lastKnownFileType = sourcecode.swift; path = "Offer+Convenience.swift"; sourceTree = "<group>"; };
		C5C765BC262CF8C600052B31 /* Offer.xcdatamodel */ = {isa = PBXFileReference; lastKnownFileType = wrapper.xcdatamodel; path = Offer.xcdatamodel; sourceTree = "<group>"; };
		C5C765CE262D367A00052B31 /* OfferCollectionViewCell.swift */ = {isa = PBXFileReference; lastKnownFileType = sourcecode.swift; path = OfferCollectionViewCell.swift; sourceTree = "<group>"; };
		C5C765D3262D36C200052B31 /* OffersCollectionViewController.swift */ = {isa = PBXFileReference; lastKnownFileType = sourcecode.swift; path = OffersCollectionViewController.swift; sourceTree = "<group>"; };
/* End PBXFileReference section */

/* Begin PBXFrameworksBuildPhase section */
		C5C76585262BDD2B00052B31 /* Frameworks */ = {
			isa = PBXFrameworksBuildPhase;
			buildActionMask = 2147483647;
			files = (
			);
			runOnlyForDeploymentPostprocessing = 0;
		};
/* End PBXFrameworksBuildPhase section */

/* Begin PBXGroup section */
		C5BA10C8262E22A000D57BFB /* Extensions+Utilities */ = {
			isa = PBXGroup;
			children = (
				C5BA10C9262E22B300D57BFB /* Dataloader.swift */,
				C5BA10CD262E27E800D57BFB /* Cache.swift */,
			);
			path = "Extensions+Utilities";
			sourceTree = "<group>";
		};
		C5C7657F262BDD2B00052B31 = {
			isa = PBXGroup;
			children = (
				C5C7658A262BDD2B00052B31 /* IbottaiOS */,
				C5C76589262BDD2B00052B31 /* Products */,
			);
			sourceTree = "<group>";
		};
		C5C76589262BDD2B00052B31 /* Products */ = {
			isa = PBXGroup;
			children = (
				C5C76588262BDD2B00052B31 /* IbottaiOS.app */,
			);
			name = Products;
			sourceTree = "<group>";
		};
		C5C7658A262BDD2B00052B31 /* IbottaiOS */ = {
			isa = PBXGroup;
			children = (
				C5BA10C8262E22A000D57BFB /* Extensions+Utilities */,
				C5C765AB262BEA4100052B31 /* Offers.json */,
				C5C765A1262BE94600052B31 /* Application */,
				C5C765A4262BE96700052B31 /* Model */,
				C5C765A5262BE96E00052B31 /* Model Controller */,
				C5C765A2262BE95600052B31 /* Views */,
				C5C765A3262BE95F00052B31 /* ViewControllers */,
				C5C765A6262BE97600052B31 /* Resources */,
			);
			path = IbottaiOS;
			sourceTree = "<group>";
		};
		C5C765A1262BE94600052B31 /* Application */ = {
			isa = PBXGroup;
			children = (
				C5C7658B262BDD2C00052B31 /* AppDelegate.swift */,
				C5C7658D262BDD2C00052B31 /* SceneDelegate.swift */,
			);
			path = Application;
			sourceTree = "<group>";
		};
		C5C765A2262BE95600052B31 /* Views */ = {
			isa = PBXGroup;
			children = (
				C5C765CE262D367A00052B31 /* OfferCollectionViewCell.swift */,
			);
			path = Views;
			sourceTree = "<group>";
		};
		C5C765A3262BE95F00052B31 /* ViewControllers */ = {
			isa = PBXGroup;
			children = (
				C5C765D3262D36C200052B31 /* OffersCollectionViewController.swift */,
			);
			path = ViewControllers;
			sourceTree = "<group>";
		};
		C5C765A4262BE96700052B31 /* Model */ = {
			isa = PBXGroup;
			children = (
				C5C765B1262CF83D00052B31 /* Core Data */,
				C5C765A7262BEA2200052B31 /* Offers.swift */,
			);
			path = Model;
			sourceTree = "<group>";
		};
		C5C765A5262BE96E00052B31 /* Model Controller */ = {
			isa = PBXGroup;
			children = (
				C5C765AE262BEC2D00052B31 /* OfferController.swift */,
			);
			path = "Model Controller";
			sourceTree = "<group>";
		};
		C5C765A6262BE97600052B31 /* Resources */ = {
			isa = PBXGroup;
			children = (
				C5C76594262BDD3100052B31 /* Assets.xcassets */,
				C5C76596262BDD3100052B31 /* LaunchScreen.storyboard */,
				C5C76599262BDD3100052B31 /* Info.plist */,
			);
			path = Resources;
			sourceTree = "<group>";
		};
		C5C765B1262CF83D00052B31 /* Core Data */ = {
			isa = PBXGroup;
			children = (
				C5C765B2262CF84E00052B31 /* CoreDataStack.swift */,
				C5C765B7262CF86A00052B31 /* Offer+Convenience.swift */,
				C5C765BB262CF8C600052B31 /* ibottaiOS.xcdatamodeld */,
			);
			path = "Core Data";
			sourceTree = "<group>";
		};
/* End PBXGroup section */

/* Begin PBXNativeTarget section */
		C5C76587262BDD2B00052B31 /* IbottaiOS */ = {
			isa = PBXNativeTarget;
			buildConfigurationList = C5C7659C262BDD3100052B31 /* Build configuration list for PBXNativeTarget "IbottaiOS" */;
			buildPhases = (
				C5C76584262BDD2B00052B31 /* Sources */,
				C5C76585262BDD2B00052B31 /* Frameworks */,
				C5C76586262BDD2B00052B31 /* Resources */,
			);
			buildRules = (
			);
			dependencies = (
			);
			name = IbottaiOS;
			productName = IbottaiOS;
			productReference = C5C76588262BDD2B00052B31 /* IbottaiOS.app */;
			productType = "com.apple.product-type.application";
		};
/* End PBXNativeTarget section */

/* Begin PBXProject section */
		C5C76580262BDD2B00052B31 /* Project object */ = {
			isa = PBXProject;
			attributes = {
				LastSwiftUpdateCheck = 1230;
				LastUpgradeCheck = 1230;
				TargetAttributes = {
					C5C76587262BDD2B00052B31 = {
						CreatedOnToolsVersion = 12.3;
					};
				};
			};
			buildConfigurationList = C5C76583262BDD2B00052B31 /* Build configuration list for PBXProject "IbottaiOS" */;
			compatibilityVersion = "Xcode 9.3";
			developmentRegion = en;
			hasScannedForEncodings = 0;
			knownRegions = (
				en,
				Base,
			);
			mainGroup = C5C7657F262BDD2B00052B31;
			productRefGroup = C5C76589262BDD2B00052B31 /* Products */;
			projectDirPath = "";
			projectRoot = "";
			targets = (
				C5C76587262BDD2B00052B31 /* IbottaiOS */,
			);
		};
/* End PBXProject section */

/* Begin PBXResourcesBuildPhase section */
		C5C76586262BDD2B00052B31 /* Resources */ = {
			isa = PBXResourcesBuildPhase;
			buildActionMask = 2147483647;
			files = (
				C5C765AC262BEA4100052B31 /* Offers.json in Resources */,
				C5C76598262BDD3100052B31 /* LaunchScreen.storyboard in Resources */,
				C5C76595262BDD3100052B31 /* Assets.xcassets in Resources */,
			);
			runOnlyForDeploymentPostprocessing = 0;
		};
/* End PBXResourcesBuildPhase section */

/* Begin PBXSourcesBuildPhase section */
		C5C76584262BDD2B00052B31 /* Sources */ = {
			isa = PBXSourcesBuildPhase;
			buildActionMask = 2147483647;
			files = (
				C5C765B3262CF84E00052B31 /* CoreDataStack.swift in Sources */,
				C5C765A8262BEA2200052B31 /* Offers.swift in Sources */,
				C5C765B8262CF86A00052B31 /* Offer+Convenience.swift in Sources */,
				C5C765BD262CF8C600052B31 /* ibottaiOS.xcdatamodeld in Sources */,
				C5BA10CE262E27E800D57BFB /* Cache.swift in Sources */,
				C5C7658C262BDD2C00052B31 /* AppDelegate.swift in Sources */,
				C5C765AF262BEC2D00052B31 /* OfferController.swift in Sources */,
				C5C7658E262BDD2C00052B31 /* SceneDelegate.swift in Sources */,
				C5C765CF262D367A00052B31 /* OfferCollectionViewCell.swift in Sources */,
				C5BA10CA262E22B300D57BFB /* Dataloader.swift in Sources */,
				C5C765D4262D36C200052B31 /* OffersCollectionViewController.swift in Sources */,
			);
			runOnlyForDeploymentPostprocessing = 0;
		};
/* End PBXSourcesBuildPhase section */

/* Begin PBXVariantGroup section */
		C5C76596262BDD3100052B31 /* LaunchScreen.storyboard */ = {
			isa = PBXVariantGroup;
			children = (
				C5C76597262BDD3100052B31 /* Base */,
			);
			name = LaunchScreen.storyboard;
			sourceTree = "<group>";
		};
/* End PBXVariantGroup section */

/* Begin XCBuildConfiguration section */
		C5C7659A262BDD3100052B31 /* Debug */ = {
			isa = XCBuildConfiguration;
			buildSettings = {
				ALWAYS_SEARCH_USER_PATHS = NO;
				CLANG_ANALYZER_NONNULL = YES;
				CLANG_ANALYZER_NUMBER_OBJECT_CONVERSION = YES_AGGRESSIVE;
				CLANG_CXX_LANGUAGE_STANDARD = "gnu++14";
				CLANG_CXX_LIBRARY = "libc++";
				CLANG_ENABLE_MODULES = YES;
				CLANG_ENABLE_OBJC_ARC = YES;
				CLANG_ENABLE_OBJC_WEAK = YES;
				CLANG_WARN_BLOCK_CAPTURE_AUTORELEASING = YES;
				CLANG_WARN_BOOL_CONVERSION = YES;
				CLANG_WARN_COMMA = YES;
				CLANG_WARN_CONSTANT_CONVERSION = YES;
				CLANG_WARN_DEPRECATED_OBJC_IMPLEMENTATIONS = YES;
				CLANG_WARN_DIRECT_OBJC_ISA_USAGE = YES_ERROR;
				CLANG_WARN_DOCUMENTATION_COMMENTS = YES;
				CLANG_WARN_EMPTY_BODY = YES;
				CLANG_WARN_ENUM_CONVERSION = YES;
				CLANG_WARN_INFINITE_RECURSION = YES;
				CLANG_WARN_INT_CONVERSION = YES;
				CLANG_WARN_NON_LITERAL_NULL_CONVERSION = YES;
				CLANG_WARN_OBJC_IMPLICIT_RETAIN_SELF = YES;
				CLANG_WARN_OBJC_LITERAL_CONVERSION = YES;
				CLANG_WARN_OBJC_ROOT_CLASS = YES_ERROR;
				CLANG_WARN_QUOTED_INCLUDE_IN_FRAMEWORK_HEADER = YES;
				CLANG_WARN_RANGE_LOOP_ANALYSIS = YES;
				CLANG_WARN_STRICT_PROTOTYPES = YES;
				CLANG_WARN_SUSPICIOUS_MOVE = YES;
				CLANG_WARN_UNGUARDED_AVAILABILITY = YES_AGGRESSIVE;
				CLANG_WARN_UNREACHABLE_CODE = YES;
				CLANG_WARN__DUPLICATE_METHOD_MATCH = YES;
				COPY_PHASE_STRIP = NO;
				DEBUG_INFORMATION_FORMAT = dwarf;
				ENABLE_STRICT_OBJC_MSGSEND = YES;
				ENABLE_TESTABILITY = YES;
				GCC_C_LANGUAGE_STANDARD = gnu11;
				GCC_DYNAMIC_NO_PIC = NO;
				GCC_NO_COMMON_BLOCKS = YES;
				GCC_OPTIMIZATION_LEVEL = 0;
				GCC_PREPROCESSOR_DEFINITIONS = (
					"DEBUG=1",
					"$(inherited)",
				);
				GCC_WARN_64_TO_32_BIT_CONVERSION = YES;
				GCC_WARN_ABOUT_RETURN_TYPE = YES_ERROR;
				GCC_WARN_UNDECLARED_SELECTOR = YES;
				GCC_WARN_UNINITIALIZED_AUTOS = YES_AGGRESSIVE;
				GCC_WARN_UNUSED_FUNCTION = YES;
				GCC_WARN_UNUSED_VARIABLE = YES;
				IPHONEOS_DEPLOYMENT_TARGET = 14.3;
				MTL_ENABLE_DEBUG_INFO = INCLUDE_SOURCE;
				MTL_FAST_MATH = YES;
				ONLY_ACTIVE_ARCH = YES;
				SDKROOT = iphoneos;
				SWIFT_ACTIVE_COMPILATION_CONDITIONS = DEBUG;
				SWIFT_OPTIMIZATION_LEVEL = "-Onone";
			};
			name = Debug;
		};
		C5C7659B262BDD3100052B31 /* Release */ = {
			isa = XCBuildConfiguration;
			buildSettings = {
				ALWAYS_SEARCH_USER_PATHS = NO;
				CLANG_ANALYZER_NONNULL = YES;
				CLANG_ANALYZER_NUMBER_OBJECT_CONVERSION = YES_AGGRESSIVE;
				CLANG_CXX_LANGUAGE_STANDARD = "gnu++14";
				CLANG_CXX_LIBRARY = "libc++";
				CLANG_ENABLE_MODULES = YES;
				CLANG_ENABLE_OBJC_ARC = YES;
				CLANG_ENABLE_OBJC_WEAK = YES;
				CLANG_WARN_BLOCK_CAPTURE_AUTORELEASING = YES;
				CLANG_WARN_BOOL_CONVERSION = YES;
				CLANG_WARN_COMMA = YES;
				CLANG_WARN_CONSTANT_CONVERSION = YES;
				CLANG_WARN_DEPRECATED_OBJC_IMPLEMENTATIONS = YES;
				CLANG_WARN_DIRECT_OBJC_ISA_USAGE = YES_ERROR;
				CLANG_WARN_DOCUMENTATION_COMMENTS = YES;
				CLANG_WARN_EMPTY_BODY = YES;
				CLANG_WARN_ENUM_CONVERSION = YES;
				CLANG_WARN_INFINITE_RECURSION = YES;
				CLANG_WARN_INT_CONVERSION = YES;
				CLANG_WARN_NON_LITERAL_NULL_CONVERSION = YES;
				CLANG_WARN_OBJC_IMPLICIT_RETAIN_SELF = YES;
				CLANG_WARN_OBJC_LITERAL_CONVERSION = YES;
				CLANG_WARN_OBJC_ROOT_CLASS = YES_ERROR;
				CLANG_WARN_QUOTED_INCLUDE_IN_FRAMEWORK_HEADER = YES;
				CLANG_WARN_RANGE_LOOP_ANALYSIS = YES;
				CLANG_WARN_STRICT_PROTOTYPES = YES;
				CLANG_WARN_SUSPICIOUS_MOVE = YES;
				CLANG_WARN_UNGUARDED_AVAILABILITY = YES_AGGRESSIVE;
				CLANG_WARN_UNREACHABLE_CODE = YES;
				CLANG_WARN__DUPLICATE_METHOD_MATCH = YES;
				COPY_PHASE_STRIP = NO;
				DEBUG_INFORMATION_FORMAT = "dwarf-with-dsym";
				ENABLE_NS_ASSERTIONS = NO;
				ENABLE_STRICT_OBJC_MSGSEND = YES;
				GCC_C_LANGUAGE_STANDARD = gnu11;
				GCC_NO_COMMON_BLOCKS = YES;
				GCC_WARN_64_TO_32_BIT_CONVERSION = YES;
				GCC_WARN_ABOUT_RETURN_TYPE = YES_ERROR;
				GCC_WARN_UNDECLARED_SELECTOR = YES;
				GCC_WARN_UNINITIALIZED_AUTOS = YES_AGGRESSIVE;
				GCC_WARN_UNUSED_FUNCTION = YES;
				GCC_WARN_UNUSED_VARIABLE = YES;
				IPHONEOS_DEPLOYMENT_TARGET = 14.3;
				MTL_ENABLE_DEBUG_INFO = NO;
				MTL_FAST_MATH = YES;
				SDKROOT = iphoneos;
				SWIFT_COMPILATION_MODE = wholemodule;
				SWIFT_OPTIMIZATION_LEVEL = "-O";
				VALIDATE_PRODUCT = YES;
			};
			name = Release;
		};
		C5C7659D262BDD3100052B31 /* Debug */ = {
			isa = XCBuildConfiguration;
			buildSettings = {
				ASSETCATALOG_COMPILER_APPICON_NAME = AppIcon;
				ASSETCATALOG_COMPILER_GLOBAL_ACCENT_COLOR_NAME = AccentColor;
				CODE_SIGN_STYLE = Automatic;
				DEVELOPMENT_TEAM = MFBD923VWU;
				INFOPLIST_FILE = IbottaiOS/Resources/Info.plist;
				LD_RUNPATH_SEARCH_PATHS = (
					"$(inherited)",
					"@executable_path/Frameworks",
				);
				PRODUCT_BUNDLE_IDENTIFIER = Bharat.IbottaiOS;
				PRODUCT_NAME = "$(TARGET_NAME)";
				SWIFT_VERSION = 5.0;
				TARGETED_DEVICE_FAMILY = "1,2";
			};
			name = Debug;
		};
		C5C7659E262BDD3100052B31 /* Release */ = {
			isa = XCBuildConfiguration;
			buildSettings = {
				ASSETCATALOG_COMPILER_APPICON_NAME = AppIcon;
				ASSETCATALOG_COMPILER_GLOBAL_ACCENT_COLOR_NAME = AccentColor;
				CODE_SIGN_STYLE = Automatic;
				DEVELOPMENT_TEAM = MFBD923VWU;
				INFOPLIST_FILE = IbottaiOS/Resources/Info.plist;
				LD_RUNPATH_SEARCH_PATHS = (
					"$(inherited)",
					"@executable_path/Frameworks",
				);
				PRODUCT_BUNDLE_IDENTIFIER = Bharat.IbottaiOS;
				PRODUCT_NAME = "$(TARGET_NAME)";
				SWIFT_VERSION = 5.0;
				TARGETED_DEVICE_FAMILY = "1,2";
			};
			name = Release;
		};
/* End XCBuildConfiguration section */

/* Begin XCConfigurationList section */
		C5C76583262BDD2B00052B31 /* Build configuration list for PBXProject "IbottaiOS" */ = {
			isa = XCConfigurationList;
			buildConfigurations = (
				C5C7659A262BDD3100052B31 /* Debug */,
				C5C7659B262BDD3100052B31 /* Release */,
			);
			defaultConfigurationIsVisible = 0;
			defaultConfigurationName = Release;
		};
		C5C7659C262BDD3100052B31 /* Build configuration list for PBXNativeTarget "IbottaiOS" */ = {
			isa = XCConfigurationList;
			buildConfigurations = (
				C5C7659D262BDD3100052B31 /* Debug */,
				C5C7659E262BDD3100052B31 /* Release */,
			);
			defaultConfigurationIsVisible = 0;
			defaultConfigurationName = Release;
		};
/* End XCConfigurationList section */

/* Begin XCVersionGroup section */
		C5C765BB262CF8C600052B31 /* ibottaiOS.xcdatamodeld */ = {
			isa = XCVersionGroup;
			children = (
				C5C765BC262CF8C600052B31 /* Offer.xcdatamodel */,
			);
			currentVersion = C5C765BC262CF8C600052B31 /* Offer.xcdatamodel */;
			path = ibottaiOS.xcdatamodeld;
			sourceTree = "<group>";
			versionGroupType = wrapper.xcdatamodel;
		};
/* End XCVersionGroup section */
	};
	rootObject = C5C76580262BDD2B00052B31 /* Project object */;
}
